
Microsoft Visual Studio Solution File, Format Version 12.00
Project("{FAE04EC0-301F-11D3-BF4B-00C04F79EFBC}") = "EfCoreInheritance", "EfCoreInheritance\EfCoreInheritance.csproj", "{F268CB5D-99A1-46DA-B928-7AA8562BD487}"
EndProject
Global
	GlobalSection(SolutionConfigurationPlatforms) = preSolution
		Debug|Any CPU = Debug|Any CPU
		Release|Any CPU = Release|Any CPU
	EndGlobalSection
	GlobalSection(ProjectConfigurationPlatforms) = postSolution
		{F268CB5D-99A1-46DA-B928-7AA8562BD487}.Debug|Any CPU.ActiveCfg = Debug|Any CPU
		{F268CB5D-99A1-46DA-B928-7AA8562BD487}.Debug|Any CPU.Build.0 = Debug|Any CPU
		{F268CB5D-99A1-46DA-B928-7AA8562BD487}.Release|Any CPU.ActiveCfg = Release|Any CPU
		{F268CB5D-99A1-46DA-B928-7AA8562BD487}.Release|Any CPU.Build.0 = Release|Any CPU
	EndGlobalSection
EndGlobal
